
Microsoft Visual Studio Solution File, Format Version 12.00
# Visual Studio Version 16
VisualStudioVersion = 16.0.29728.190
MinimumVisualStudioVersion = 10.0.40219.1
Project("{FAE04EC0-301F-11D3-BF4B-00C04F79EFBC}") = "URI1070", "URI1070.csproj", "{DFF459B4-7A53-4201-AA79-B47E5A8B3854}"
EndProject
Global
	GlobalSection(SolutionConfigurationPlatforms) = preSolution
		Debug|Any CPU = Debug|Any CPU
		Release|Any CPU = Release|Any CPU
	EndGlobalSection
	GlobalSection(ProjectConfigurationPlatforms) = postSolution
		{DFF459B4-7A53-4201-AA79-B47E5A8B3854}.Debug|Any CPU.ActiveCfg = Debug|Any CPU
		{DFF459B4-7A53-4201-AA79-B47E5A8B3854}.Debug|Any CPU.Build.0 = Debug|Any CPU
		{DFF459B4-7A53-4201-AA79-B47E5A8B3854}.Release|Any CPU.ActiveCfg = Release|Any CPU
		{DFF459B4-7A53-4201-AA79-B47E5A8B3854}.Release|Any CPU.Build.0 = Release|Any CPU
	EndGlobalSection
	GlobalSection(SolutionProperties) = preSolution
		HideSolutionNode = FALSE
	EndGlobalSection
	GlobalSection(ExtensibilityGlobals) = postSolution
		SolutionGuid = {E88FB918-81A2-4AAB-BAC0-93AE188EA634}
	EndGlobalSection
EndGlobal
