
Microsoft Visual Studio Solution File, Format Version 12.00
# Visual Studio Version 16
VisualStudioVersion = 16.0.29215.179
MinimumVisualStudioVersion = 10.0.40219.1
Project("{FAE04EC0-301F-11D3-BF4B-00C04F79EFBC}") = "URI1020", "URI1020.csproj", "{4175A128-3889-4CA4-ABB8-2C090E797500}"
EndProject
Global
	GlobalSection(SolutionConfigurationPlatforms) = preSolution
		Debug|Any CPU = Debug|Any CPU
		Release|Any CPU = Release|Any CPU
	EndGlobalSection
	GlobalSection(ProjectConfigurationPlatforms) = postSolution
		{4175A128-3889-4CA4-ABB8-2C090E797500}.Debug|Any CPU.ActiveCfg = Debug|Any CPU
		{4175A128-3889-4CA4-ABB8-2C090E797500}.Debug|Any CPU.Build.0 = Debug|Any CPU
		{4175A128-3889-4CA4-ABB8-2C090E797500}.Release|Any CPU.ActiveCfg = Release|Any CPU
		{4175A128-3889-4CA4-ABB8-2C090E797500}.Release|Any CPU.Build.0 = Release|Any CPU
	EndGlobalSection
	GlobalSection(SolutionProperties) = preSolution
		HideSolutionNode = FALSE
	EndGlobalSection
	GlobalSection(ExtensibilityGlobals) = postSolution
		SolutionGuid = {0C4B99FA-C439-48CB-A011-9436FE4B6918}
	EndGlobalSection
EndGlobal
