
Microsoft Visual Studio Solution File, Format Version 12.00
# Visual Studio Version 16
VisualStudioVersion = 16.0.30011.22
MinimumVisualStudioVersion = 10.0.40219.1
Project("{FAE04EC0-301F-11D3-BF4B-00C04F79EFBC}") = "URI1150", "URI1150.csproj", "{7C6AAE63-E489-4141-AE20-BAE9823518C7}"
EndProject
Global
	GlobalSection(SolutionConfigurationPlatforms) = preSolution
		Debug|Any CPU = Debug|Any CPU
		Release|Any CPU = Release|Any CPU
	EndGlobalSection
	GlobalSection(ProjectConfigurationPlatforms) = postSolution
		{7C6AAE63-E489-4141-AE20-BAE9823518C7}.Debug|Any CPU.ActiveCfg = Debug|Any CPU
		{7C6AAE63-E489-4141-AE20-BAE9823518C7}.Debug|Any CPU.Build.0 = Debug|Any CPU
		{7C6AAE63-E489-4141-AE20-BAE9823518C7}.Release|Any CPU.ActiveCfg = Release|Any CPU
		{7C6AAE63-E489-4141-AE20-BAE9823518C7}.Release|Any CPU.Build.0 = Release|Any CPU
	EndGlobalSection
	GlobalSection(SolutionProperties) = preSolution
		HideSolutionNode = FALSE
	EndGlobalSection
	GlobalSection(ExtensibilityGlobals) = postSolution
		SolutionGuid = {538EEF1E-CAA0-46EB-A717-C2ED928A2C8C}
	EndGlobalSection
EndGlobal
