
Microsoft Visual Studio Solution File, Format Version 12.00
# Visual Studio Version 16
VisualStudioVersion = 16.0.30011.22
MinimumVisualStudioVersion = 10.0.40219.1
Project("{FAE04EC0-301F-11D3-BF4B-00C04F79EFBC}") = "URI1157", "URI1157.csproj", "{7E9DA369-6984-422E-B90D-9D5B25BE7896}"
EndProject
Global
	GlobalSection(SolutionConfigurationPlatforms) = preSolution
		Debug|Any CPU = Debug|Any CPU
		Release|Any CPU = Release|Any CPU
	EndGlobalSection
	GlobalSection(ProjectConfigurationPlatforms) = postSolution
		{7E9DA369-6984-422E-B90D-9D5B25BE7896}.Debug|Any CPU.ActiveCfg = Debug|Any CPU
		{7E9DA369-6984-422E-B90D-9D5B25BE7896}.Debug|Any CPU.Build.0 = Debug|Any CPU
		{7E9DA369-6984-422E-B90D-9D5B25BE7896}.Release|Any CPU.ActiveCfg = Release|Any CPU
		{7E9DA369-6984-422E-B90D-9D5B25BE7896}.Release|Any CPU.Build.0 = Release|Any CPU
	EndGlobalSection
	GlobalSection(SolutionProperties) = preSolution
		HideSolutionNode = FALSE
	EndGlobalSection
	GlobalSection(ExtensibilityGlobals) = postSolution
		SolutionGuid = {92CC2E66-E188-4676-BAE5-FAD78BEACF76}
	EndGlobalSection
EndGlobal
