
Microsoft Visual Studio Solution File, Format Version 12.00
# Visual Studio Version 16
VisualStudioVersion = 16.0.30621.155
MinimumVisualStudioVersion = 10.0.40219.1
Project("{FAE04EC0-301F-11D3-BF4B-00C04F79EFBC}") = "04", "04.csproj", "{1467CC7F-F8DF-4AF1-B942-ADBC25F76B58}"
EndProject
Global
	GlobalSection(SolutionConfigurationPlatforms) = preSolution
		Debug|Any CPU = Debug|Any CPU
		Release|Any CPU = Release|Any CPU
	EndGlobalSection
	GlobalSection(ProjectConfigurationPlatforms) = postSolution
		{1467CC7F-F8DF-4AF1-B942-ADBC25F76B58}.Debug|Any CPU.ActiveCfg = Debug|Any CPU
		{1467CC7F-F8DF-4AF1-B942-ADBC25F76B58}.Debug|Any CPU.Build.0 = Debug|Any CPU
		{1467CC7F-F8DF-4AF1-B942-ADBC25F76B58}.Release|Any CPU.ActiveCfg = Release|Any CPU
		{1467CC7F-F8DF-4AF1-B942-ADBC25F76B58}.Release|Any CPU.Build.0 = Release|Any CPU
	EndGlobalSection
	GlobalSection(SolutionProperties) = preSolution
		HideSolutionNode = FALSE
	EndGlobalSection
	GlobalSection(ExtensibilityGlobals) = postSolution
		SolutionGuid = {D0334CE8-AE32-47E7-B930-9AFB5174A3F2}
	EndGlobalSection
EndGlobal
