
Microsoft Visual Studio Solution File, Format Version 12.00
# Visual Studio Version 16
VisualStudioVersion = 16.0.29215.179
MinimumVisualStudioVersion = 10.0.40219.1
Project("{FAE04EC0-301F-11D3-BF4B-00C04F79EFBC}") = "URI1048", "URI1048.csproj", "{DEB070CC-55F3-4EA0-8A62-48DA8594FBFC}"
EndProject
Global
	GlobalSection(SolutionConfigurationPlatforms) = preSolution
		Debug|Any CPU = Debug|Any CPU
		Release|Any CPU = Release|Any CPU
	EndGlobalSection
	GlobalSection(ProjectConfigurationPlatforms) = postSolution
		{DEB070CC-55F3-4EA0-8A62-48DA8594FBFC}.Debug|Any CPU.ActiveCfg = Debug|Any CPU
		{DEB070CC-55F3-4EA0-8A62-48DA8594FBFC}.Debug|Any CPU.Build.0 = Debug|Any CPU
		{DEB070CC-55F3-4EA0-8A62-48DA8594FBFC}.Release|Any CPU.ActiveCfg = Release|Any CPU
		{DEB070CC-55F3-4EA0-8A62-48DA8594FBFC}.Release|Any CPU.Build.0 = Release|Any CPU
	EndGlobalSection
	GlobalSection(SolutionProperties) = preSolution
		HideSolutionNode = FALSE
	EndGlobalSection
	GlobalSection(ExtensibilityGlobals) = postSolution
		SolutionGuid = {3947E8C6-C520-48A7-9D0D-75D3B4901BB7}
	EndGlobalSection
EndGlobal
