
Microsoft Visual Studio Solution File, Format Version 12.00
# Visual Studio Version 16
VisualStudioVersion = 16.0.29215.179
MinimumVisualStudioVersion = 10.0.40219.1
Project("{FAE04EC0-301F-11D3-BF4B-00C04F79EFBC}") = "URI1037", "URI1037.csproj", "{A6012770-66A0-484E-92AF-678FB0D1EDA6}"
EndProject
Global
	GlobalSection(SolutionConfigurationPlatforms) = preSolution
		Debug|Any CPU = Debug|Any CPU
		Release|Any CPU = Release|Any CPU
	EndGlobalSection
	GlobalSection(ProjectConfigurationPlatforms) = postSolution
		{A6012770-66A0-484E-92AF-678FB0D1EDA6}.Debug|Any CPU.ActiveCfg = Debug|Any CPU
		{A6012770-66A0-484E-92AF-678FB0D1EDA6}.Debug|Any CPU.Build.0 = Debug|Any CPU
		{A6012770-66A0-484E-92AF-678FB0D1EDA6}.Release|Any CPU.ActiveCfg = Release|Any CPU
		{A6012770-66A0-484E-92AF-678FB0D1EDA6}.Release|Any CPU.Build.0 = Release|Any CPU
	EndGlobalSection
	GlobalSection(SolutionProperties) = preSolution
		HideSolutionNode = FALSE
	EndGlobalSection
	GlobalSection(ExtensibilityGlobals) = postSolution
		SolutionGuid = {D9AC4FA4-98A5-4B42-B443-A19FAC171085}
	EndGlobalSection
EndGlobal
