
Microsoft Visual Studio Solution File, Format Version 12.00
# Visual Studio Version 16
VisualStudioVersion = 16.0.30621.155
MinimumVisualStudioVersion = 10.0.40219.1
Project("{FAE04EC0-301F-11D3-BF4B-00C04F79EFBC}") = "Resolvido02", "Resolvido02.csproj", "{49D2945A-5B9C-44EB-88CE-5825490AC52C}"
EndProject
Global
	GlobalSection(SolutionConfigurationPlatforms) = preSolution
		Debug|Any CPU = Debug|Any CPU
		Release|Any CPU = Release|Any CPU
	EndGlobalSection
	GlobalSection(ProjectConfigurationPlatforms) = postSolution
		{49D2945A-5B9C-44EB-88CE-5825490AC52C}.Debug|Any CPU.ActiveCfg = Debug|Any CPU
		{49D2945A-5B9C-44EB-88CE-5825490AC52C}.Debug|Any CPU.Build.0 = Debug|Any CPU
		{49D2945A-5B9C-44EB-88CE-5825490AC52C}.Release|Any CPU.ActiveCfg = Release|Any CPU
		{49D2945A-5B9C-44EB-88CE-5825490AC52C}.Release|Any CPU.Build.0 = Release|Any CPU
	EndGlobalSection
	GlobalSection(SolutionProperties) = preSolution
		HideSolutionNode = FALSE
	EndGlobalSection
	GlobalSection(ExtensibilityGlobals) = postSolution
		SolutionGuid = {35149A28-2C0E-427C-8651-5134DAC77AB1}
	EndGlobalSection
EndGlobal
