
Microsoft Visual Studio Solution File, Format Version 12.00
# Visual Studio Version 16
VisualStudioVersion = 16.0.29911.84
MinimumVisualStudioVersion = 10.0.40219.1
Project("{FAE04EC0-301F-11D3-BF4B-00C04F79EFBC}") = "URI1094", "URI1094.csproj", "{D23387FA-414C-4DD3-9A7B-81C0000D673A}"
EndProject
Global
	GlobalSection(SolutionConfigurationPlatforms) = preSolution
		Debug|Any CPU = Debug|Any CPU
		Release|Any CPU = Release|Any CPU
	EndGlobalSection
	GlobalSection(ProjectConfigurationPlatforms) = postSolution
		{D23387FA-414C-4DD3-9A7B-81C0000D673A}.Debug|Any CPU.ActiveCfg = Debug|Any CPU
		{D23387FA-414C-4DD3-9A7B-81C0000D673A}.Debug|Any CPU.Build.0 = Debug|Any CPU
		{D23387FA-414C-4DD3-9A7B-81C0000D673A}.Release|Any CPU.ActiveCfg = Release|Any CPU
		{D23387FA-414C-4DD3-9A7B-81C0000D673A}.Release|Any CPU.Build.0 = Release|Any CPU
	EndGlobalSection
	GlobalSection(SolutionProperties) = preSolution
		HideSolutionNode = FALSE
	EndGlobalSection
	GlobalSection(ExtensibilityGlobals) = postSolution
		SolutionGuid = {DD2FEB51-909E-426F-B8D5-DAD3BCAF0E2D}
	EndGlobalSection
EndGlobal
