
Microsoft Visual Studio Solution File, Format Version 12.00
# Visual Studio Version 16
VisualStudioVersion = 16.0.30011.22
MinimumVisualStudioVersion = 10.0.40219.1
Project("{FAE04EC0-301F-11D3-BF4B-00C04F79EFBC}") = "URI1158", "URI1158.csproj", "{34FFC83F-2A2C-44C1-A15C-E309F9F23B31}"
EndProject
Global
	GlobalSection(SolutionConfigurationPlatforms) = preSolution
		Debug|Any CPU = Debug|Any CPU
		Release|Any CPU = Release|Any CPU
	EndGlobalSection
	GlobalSection(ProjectConfigurationPlatforms) = postSolution
		{34FFC83F-2A2C-44C1-A15C-E309F9F23B31}.Debug|Any CPU.ActiveCfg = Debug|Any CPU
		{34FFC83F-2A2C-44C1-A15C-E309F9F23B31}.Debug|Any CPU.Build.0 = Debug|Any CPU
		{34FFC83F-2A2C-44C1-A15C-E309F9F23B31}.Release|Any CPU.ActiveCfg = Release|Any CPU
		{34FFC83F-2A2C-44C1-A15C-E309F9F23B31}.Release|Any CPU.Build.0 = Release|Any CPU
	EndGlobalSection
	GlobalSection(SolutionProperties) = preSolution
		HideSolutionNode = FALSE
	EndGlobalSection
	GlobalSection(ExtensibilityGlobals) = postSolution
		SolutionGuid = {00F18A6A-17E2-4C12-9949-97CA38DD5CFE}
	EndGlobalSection
EndGlobal
