
Microsoft Visual Studio Solution File, Format Version 12.00
# Visual Studio Version 16
VisualStudioVersion = 16.0.29209.62
MinimumVisualStudioVersion = 10.0.40219.1
Project("{FAE04EC0-301F-11D3-BF4B-00C04F79EFBC}") = "URI1003", "URI1003.csproj", "{C69AB49E-7658-43AB-82A9-ABEE023FB188}"
EndProject
Global
	GlobalSection(SolutionConfigurationPlatforms) = preSolution
		Debug|Any CPU = Debug|Any CPU
		Release|Any CPU = Release|Any CPU
	EndGlobalSection
	GlobalSection(ProjectConfigurationPlatforms) = postSolution
		{C69AB49E-7658-43AB-82A9-ABEE023FB188}.Debug|Any CPU.ActiveCfg = Debug|Any CPU
		{C69AB49E-7658-43AB-82A9-ABEE023FB188}.Debug|Any CPU.Build.0 = Debug|Any CPU
		{C69AB49E-7658-43AB-82A9-ABEE023FB188}.Release|Any CPU.ActiveCfg = Release|Any CPU
		{C69AB49E-7658-43AB-82A9-ABEE023FB188}.Release|Any CPU.Build.0 = Release|Any CPU
	EndGlobalSection
	GlobalSection(SolutionProperties) = preSolution
		HideSolutionNode = FALSE
	EndGlobalSection
	GlobalSection(ExtensibilityGlobals) = postSolution
		SolutionGuid = {036EEDD8-ED5B-4CBB-B6F5-A6E3922DAD0A}
	EndGlobalSection
EndGlobal
