
Microsoft Visual Studio Solution File, Format Version 12.00
# Visual Studio Version 16
VisualStudioVersion = 16.0.29215.179
MinimumVisualStudioVersion = 10.0.40219.1
Project("{FAE04EC0-301F-11D3-BF4B-00C04F79EFBC}") = "URI1011", "URI1011.csproj", "{255A633D-5A6D-4957-A689-A4794046C95C}"
EndProject
Global
	GlobalSection(SolutionConfigurationPlatforms) = preSolution
		Debug|Any CPU = Debug|Any CPU
		Release|Any CPU = Release|Any CPU
	EndGlobalSection
	GlobalSection(ProjectConfigurationPlatforms) = postSolution
		{255A633D-5A6D-4957-A689-A4794046C95C}.Debug|Any CPU.ActiveCfg = Debug|Any CPU
		{255A633D-5A6D-4957-A689-A4794046C95C}.Debug|Any CPU.Build.0 = Debug|Any CPU
		{255A633D-5A6D-4957-A689-A4794046C95C}.Release|Any CPU.ActiveCfg = Release|Any CPU
		{255A633D-5A6D-4957-A689-A4794046C95C}.Release|Any CPU.Build.0 = Release|Any CPU
	EndGlobalSection
	GlobalSection(SolutionProperties) = preSolution
		HideSolutionNode = FALSE
	EndGlobalSection
	GlobalSection(ExtensibilityGlobals) = postSolution
		SolutionGuid = {F0D70540-05DC-4020-AAA4-F9B90C2CDE77}
	EndGlobalSection
EndGlobal
