
Microsoft Visual Studio Solution File, Format Version 12.00
# Visual Studio Version 16
VisualStudioVersion = 16.0.29728.190
MinimumVisualStudioVersion = 10.0.40219.1
Project("{FAE04EC0-301F-11D3-BF4B-00C04F79EFBC}") = "URI1159", "URI1159.csproj", "{D01AA1B3-6E9E-4629-83FC-529FFFF62062}"
EndProject
Global
	GlobalSection(SolutionConfigurationPlatforms) = preSolution
		Debug|Any CPU = Debug|Any CPU
		Release|Any CPU = Release|Any CPU
	EndGlobalSection
	GlobalSection(ProjectConfigurationPlatforms) = postSolution
		{D01AA1B3-6E9E-4629-83FC-529FFFF62062}.Debug|Any CPU.ActiveCfg = Debug|Any CPU
		{D01AA1B3-6E9E-4629-83FC-529FFFF62062}.Debug|Any CPU.Build.0 = Debug|Any CPU
		{D01AA1B3-6E9E-4629-83FC-529FFFF62062}.Release|Any CPU.ActiveCfg = Release|Any CPU
		{D01AA1B3-6E9E-4629-83FC-529FFFF62062}.Release|Any CPU.Build.0 = Release|Any CPU
	EndGlobalSection
	GlobalSection(SolutionProperties) = preSolution
		HideSolutionNode = FALSE
	EndGlobalSection
	GlobalSection(ExtensibilityGlobals) = postSolution
		SolutionGuid = {BFF9009E-9015-4EB9-930A-C4D47F11B78B}
	EndGlobalSection
EndGlobal
