
Microsoft Visual Studio Solution File, Format Version 12.00
# Visual Studio Version 16
VisualStudioVersion = 16.0.30011.22
MinimumVisualStudioVersion = 10.0.40219.1
Project("{FAE04EC0-301F-11D3-BF4B-00C04F79EFBC}") = "URI1165", "URI1165.csproj", "{745FC48A-E211-4F5C-9766-7B2B3340A9F9}"
EndProject
Global
	GlobalSection(SolutionConfigurationPlatforms) = preSolution
		Debug|Any CPU = Debug|Any CPU
		Release|Any CPU = Release|Any CPU
	EndGlobalSection
	GlobalSection(ProjectConfigurationPlatforms) = postSolution
		{745FC48A-E211-4F5C-9766-7B2B3340A9F9}.Debug|Any CPU.ActiveCfg = Debug|Any CPU
		{745FC48A-E211-4F5C-9766-7B2B3340A9F9}.Debug|Any CPU.Build.0 = Debug|Any CPU
		{745FC48A-E211-4F5C-9766-7B2B3340A9F9}.Release|Any CPU.ActiveCfg = Release|Any CPU
		{745FC48A-E211-4F5C-9766-7B2B3340A9F9}.Release|Any CPU.Build.0 = Release|Any CPU
	EndGlobalSection
	GlobalSection(SolutionProperties) = preSolution
		HideSolutionNode = FALSE
	EndGlobalSection
	GlobalSection(ExtensibilityGlobals) = postSolution
		SolutionGuid = {03E6D50D-353E-47FE-BB78-08F6CA8C8248}
	EndGlobalSection
EndGlobal
