
Microsoft Visual Studio Solution File, Format Version 12.00
# Visual Studio Version 16
VisualStudioVersion = 16.0.29911.84
MinimumVisualStudioVersion = 10.0.40219.1
Project("{FAE04EC0-301F-11D3-BF4B-00C04F79EFBC}") = "URI1116", "URI1116.csproj", "{01F12942-2F69-4510-9F74-B6466DA1A1D6}"
EndProject
Global
	GlobalSection(SolutionConfigurationPlatforms) = preSolution
		Debug|Any CPU = Debug|Any CPU
		Release|Any CPU = Release|Any CPU
	EndGlobalSection
	GlobalSection(ProjectConfigurationPlatforms) = postSolution
		{01F12942-2F69-4510-9F74-B6466DA1A1D6}.Debug|Any CPU.ActiveCfg = Debug|Any CPU
		{01F12942-2F69-4510-9F74-B6466DA1A1D6}.Debug|Any CPU.Build.0 = Debug|Any CPU
		{01F12942-2F69-4510-9F74-B6466DA1A1D6}.Release|Any CPU.ActiveCfg = Release|Any CPU
		{01F12942-2F69-4510-9F74-B6466DA1A1D6}.Release|Any CPU.Build.0 = Release|Any CPU
	EndGlobalSection
	GlobalSection(SolutionProperties) = preSolution
		HideSolutionNode = FALSE
	EndGlobalSection
	GlobalSection(ExtensibilityGlobals) = postSolution
		SolutionGuid = {D7282BA1-BFAE-427A-9DF3-4B8472B6BB49}
	EndGlobalSection
EndGlobal
