
Microsoft Visual Studio Solution File, Format Version 12.00
# Visual Studio Version 16
VisualStudioVersion = 16.0.29215.179
MinimumVisualStudioVersion = 10.0.40219.1
Project("{FAE04EC0-301F-11D3-BF4B-00C04F79EFBC}") = "URI1021", "URI1021.csproj", "{58751D14-9FC2-4335-96A0-DCC849BD32DF}"
EndProject
Global
	GlobalSection(SolutionConfigurationPlatforms) = preSolution
		Debug|Any CPU = Debug|Any CPU
		Release|Any CPU = Release|Any CPU
	EndGlobalSection
	GlobalSection(ProjectConfigurationPlatforms) = postSolution
		{58751D14-9FC2-4335-96A0-DCC849BD32DF}.Debug|Any CPU.ActiveCfg = Debug|Any CPU
		{58751D14-9FC2-4335-96A0-DCC849BD32DF}.Debug|Any CPU.Build.0 = Debug|Any CPU
		{58751D14-9FC2-4335-96A0-DCC849BD32DF}.Release|Any CPU.ActiveCfg = Release|Any CPU
		{58751D14-9FC2-4335-96A0-DCC849BD32DF}.Release|Any CPU.Build.0 = Release|Any CPU
	EndGlobalSection
	GlobalSection(SolutionProperties) = preSolution
		HideSolutionNode = FALSE
	EndGlobalSection
	GlobalSection(ExtensibilityGlobals) = postSolution
		SolutionGuid = {257AE855-CD89-48A2-B75A-19EBF91CD45F}
	EndGlobalSection
EndGlobal
