
Microsoft Visual Studio Solution File, Format Version 12.00
# Visual Studio Version 16
VisualStudioVersion = 16.0.29209.62
MinimumVisualStudioVersion = 10.0.40219.1
Project("{FAE04EC0-301F-11D3-BF4B-00C04F79EFBC}") = "Precificacao Lote", "Precificacao Lote.csproj", "{CFC4A7BB-6C43-442F-8A22-4865346A4844}"
EndProject
Global
	GlobalSection(SolutionConfigurationPlatforms) = preSolution
		Debug|Any CPU = Debug|Any CPU
		Release|Any CPU = Release|Any CPU
	EndGlobalSection
	GlobalSection(ProjectConfigurationPlatforms) = postSolution
		{CFC4A7BB-6C43-442F-8A22-4865346A4844}.Debug|Any CPU.ActiveCfg = Debug|Any CPU
		{CFC4A7BB-6C43-442F-8A22-4865346A4844}.Debug|Any CPU.Build.0 = Debug|Any CPU
		{CFC4A7BB-6C43-442F-8A22-4865346A4844}.Release|Any CPU.ActiveCfg = Release|Any CPU
		{CFC4A7BB-6C43-442F-8A22-4865346A4844}.Release|Any CPU.Build.0 = Release|Any CPU
	EndGlobalSection
	GlobalSection(SolutionProperties) = preSolution
		HideSolutionNode = FALSE
	EndGlobalSection
	GlobalSection(ExtensibilityGlobals) = postSolution
		SolutionGuid = {0CBC400F-C6C3-408C-8328-307C20B669B1}
	EndGlobalSection
EndGlobal
