
Microsoft Visual Studio Solution File, Format Version 12.00
# Visual Studio Version 16
VisualStudioVersion = 16.0.29209.62
MinimumVisualStudioVersion = 10.0.40219.1
Project("{FAE04EC0-301F-11D3-BF4B-00C04F79EFBC}") = "Teste-VS2019", "Teste-VS2019\Teste-VS2019.csproj", "{EF642DB4-023A-4818-8CCB-D892D98DBD08}"
EndProject
Global
	GlobalSection(SolutionConfigurationPlatforms) = preSolution
		Debug|Any CPU = Debug|Any CPU
		Release|Any CPU = Release|Any CPU
	EndGlobalSection
	GlobalSection(ProjectConfigurationPlatforms) = postSolution
		{EF642DB4-023A-4818-8CCB-D892D98DBD08}.Debug|Any CPU.ActiveCfg = Debug|Any CPU
		{EF642DB4-023A-4818-8CCB-D892D98DBD08}.Debug|Any CPU.Build.0 = Debug|Any CPU
		{EF642DB4-023A-4818-8CCB-D892D98DBD08}.Release|Any CPU.ActiveCfg = Release|Any CPU
		{EF642DB4-023A-4818-8CCB-D892D98DBD08}.Release|Any CPU.Build.0 = Release|Any CPU
	EndGlobalSection
	GlobalSection(SolutionProperties) = preSolution
		HideSolutionNode = FALSE
	EndGlobalSection
	GlobalSection(ExtensibilityGlobals) = postSolution
		SolutionGuid = {41CD3913-94C0-4B6C-A5DD-A6EB9474E6D4}
	EndGlobalSection
EndGlobal
