
Microsoft Visual Studio Solution File, Format Version 12.00
# Visual Studio Version 16
VisualStudioVersion = 16.0.30621.155
MinimumVisualStudioVersion = 10.0.40219.1
Project("{FAE04EC0-301F-11D3-BF4B-00C04F79EFBC}") = "Resolvido02", "Resolvido02.csproj", "{A969A0EC-A7EE-4C91-9FB1-59413BD60C38}"
EndProject
Global
	GlobalSection(SolutionConfigurationPlatforms) = preSolution
		Debug|Any CPU = Debug|Any CPU
		Release|Any CPU = Release|Any CPU
	EndGlobalSection
	GlobalSection(ProjectConfigurationPlatforms) = postSolution
		{A969A0EC-A7EE-4C91-9FB1-59413BD60C38}.Debug|Any CPU.ActiveCfg = Debug|Any CPU
		{A969A0EC-A7EE-4C91-9FB1-59413BD60C38}.Debug|Any CPU.Build.0 = Debug|Any CPU
		{A969A0EC-A7EE-4C91-9FB1-59413BD60C38}.Release|Any CPU.ActiveCfg = Release|Any CPU
		{A969A0EC-A7EE-4C91-9FB1-59413BD60C38}.Release|Any CPU.Build.0 = Release|Any CPU
	EndGlobalSection
	GlobalSection(SolutionProperties) = preSolution
		HideSolutionNode = FALSE
	EndGlobalSection
	GlobalSection(ExtensibilityGlobals) = postSolution
		SolutionGuid = {C639B67F-3E03-4CCF-8F65-093D5EA4BA5A}
	EndGlobalSection
EndGlobal
