
Microsoft Visual Studio Solution File, Format Version 12.00
# Visual Studio Version 16
VisualStudioVersion = 16.0.29209.62
MinimumVisualStudioVersion = 10.0.40219.1
Project("{FAE04EC0-301F-11D3-BF4B-00C04F79EFBC}") = "URI1010", "URI1010.csproj", "{4480F224-6A57-477E-B40D-87189E679812}"
EndProject
Global
	GlobalSection(SolutionConfigurationPlatforms) = preSolution
		Debug|Any CPU = Debug|Any CPU
		Release|Any CPU = Release|Any CPU
	EndGlobalSection
	GlobalSection(ProjectConfigurationPlatforms) = postSolution
		{4480F224-6A57-477E-B40D-87189E679812}.Debug|Any CPU.ActiveCfg = Debug|Any CPU
		{4480F224-6A57-477E-B40D-87189E679812}.Debug|Any CPU.Build.0 = Debug|Any CPU
		{4480F224-6A57-477E-B40D-87189E679812}.Release|Any CPU.ActiveCfg = Release|Any CPU
		{4480F224-6A57-477E-B40D-87189E679812}.Release|Any CPU.Build.0 = Release|Any CPU
	EndGlobalSection
	GlobalSection(SolutionProperties) = preSolution
		HideSolutionNode = FALSE
	EndGlobalSection
	GlobalSection(ExtensibilityGlobals) = postSolution
		SolutionGuid = {F755E37C-593C-44DE-9CDC-383403D890EE}
	EndGlobalSection
EndGlobal
