
Microsoft Visual Studio Solution File, Format Version 12.00
# Visual Studio Version 16
VisualStudioVersion = 16.0.29209.62
MinimumVisualStudioVersion = 10.0.40219.1
Project("{FAE04EC0-301F-11D3-BF4B-00C04F79EFBC}") = "URI1004", "URI1004.csproj", "{A5F9504A-D713-4112-AEFB-558AA2BB5909}"
EndProject
Global
	GlobalSection(SolutionConfigurationPlatforms) = preSolution
		Debug|Any CPU = Debug|Any CPU
		Release|Any CPU = Release|Any CPU
	EndGlobalSection
	GlobalSection(ProjectConfigurationPlatforms) = postSolution
		{A5F9504A-D713-4112-AEFB-558AA2BB5909}.Debug|Any CPU.ActiveCfg = Debug|Any CPU
		{A5F9504A-D713-4112-AEFB-558AA2BB5909}.Debug|Any CPU.Build.0 = Debug|Any CPU
		{A5F9504A-D713-4112-AEFB-558AA2BB5909}.Release|Any CPU.ActiveCfg = Release|Any CPU
		{A5F9504A-D713-4112-AEFB-558AA2BB5909}.Release|Any CPU.Build.0 = Release|Any CPU
	EndGlobalSection
	GlobalSection(SolutionProperties) = preSolution
		HideSolutionNode = FALSE
	EndGlobalSection
	GlobalSection(ExtensibilityGlobals) = postSolution
		SolutionGuid = {82B1EE6F-4B1B-4FB2-8979-43942093E258}
	EndGlobalSection
EndGlobal
